// !$*UTF8*$!
{
	archiveVersion = 1;
	classes = {
	};
	objectVersion = 46;
	objects = {

/* Begin PBXBuildFile section */
		1815C8641AC0FB38004BBF8F /* main.m in Sources */ = {isa = PBXBuildFile; fileRef = 1815C8631AC0FB38004BBF8F /* main.m */; };
		1815C8671AC0FB38004BBF8F /* AppDelegate.m in Sources */ = {isa = PBXBuildFile; fileRef = 1815C8661AC0FB38004BBF8F /* AppDelegate.m */; };
		1815C86A1AC0FB38004BBF8F /* ViewController.m in Sources */ = {isa = PBXBuildFile; fileRef = 1815C8691AC0FB38004BBF8F /* ViewController.m */; };
		1815C86D1AC0FB38004BBF8F /* Main.storyboard in Resources */ = {isa = PBXBuildFile; fileRef = 1815C86B1AC0FB38004BBF8F /* Main.storyboard */; };
		1815C86F1AC0FB38004BBF8F /* Images.xcassets in Resources */ = {isa = PBXBuildFile; fileRef = 1815C86E1AC0FB38004BBF8F /* Images.xcassets */; };
		1815C8721AC0FB38004BBF8F /* LaunchScreen.xib in Resources */ = {isa = PBXBuildFile; fileRef = 1815C8701AC0FB38004BBF8F /* LaunchScreen.xib */; };
		1815C87E1AC0FB38004BBF8F /* GitTest01Tests.m in Sources */ = {isa = PBXBuildFile; fileRef = 1815C87D1AC0FB38004BBF8F /* GitTest01Tests.m */; };
/* End PBXBuildFile section */

/* Begin PBXContainerItemProxy section */
		1815C8781AC0FB38004BBF8F /* PBXContainerItemProxy */ = {
			isa = PBXContainerItemProxy;
			containerPortal = 1815C8561AC0FB38004BBF8F /* Project object */;
			proxyType = 1;
			remoteGlobalIDString = 1815C85D1AC0FB38004BBF8F;
			remoteInfo = GitTest01;
		};
/* End PBXContainerItemProxy section */

/* Begin PBXFileReference section */
		1815C85E1AC0FB38004BBF8F /* GitTest01.app */ = {isa = PBXFileReference; explicitFileType = wrapper.application; includeInIndex = 0; path = GitTest01.app; sourceTree = BUILT_PRODUCTS_DIR; };
		1815C8621AC0FB38004BBF8F /* Info.plist */ = {isa = PBXFileReference; lastKnownFileType = text.plist.xml; path = Info.plist; sourceTree = "<group>"; };
		1815C8631AC0FB38004BBF8F /* main.m */ = {isa = PBXFileReference; lastKnownFileType = sourcecode.c.objc; path = main.m; sourceTree = "<group>"; };
		1815C8651AC0FB38004BBF8F /* AppDelegate.h */ = {isa = PBXFileReference; lastKnownFileType = sourcecode.c.h; path = AppDelegate.h; sourceTree = "<group>"; };
		1815C8661AC0FB38004BBF8F /* AppDelegate.m */ = {isa = PBXFileReference; lastKnownFileType = sourcecode.c.objc; path = AppDelegate.m; sourceTree = "<group>"; };
		1815C8681AC0FB38004BBF8F /* ViewController.h */ = {isa = PBXFileReference; lastKnownFileType = sourcecode.c.h; path = ViewController.h; sourceTree = "<group>"; };
		1815C8691AC0FB38004BBF8F /* ViewController.m */ = {isa = PBXFileReference; lastKnownFileType = sourcecode.c.objc; path = ViewController.m; sourceTree = "<group>"; };
		1815C86C1AC0FB38004BBF8F /* Base */ = {isa = PBXFileReference; lastKnownFileType = file.storyboard; name = Base; path = Base.lproj/Main.storyboard; sourceTree = "<group>"; };
		1815C86E1AC0FB38004BBF8F /* Images.xcassets */ = {isa = PBXFileReference; lastKnownFileType = folder.assetcatalog; path = Images.xcassets; sourceTree = "<group>"; };
		1815C8711AC0FB38004BBF8F /* Base */ = {isa = PBXFileReference; lastKnownFileType = file.xib; name = Base; path = Base.lproj/LaunchScreen.xib; sourceTree = "<group>"; };
		1815C8771AC0FB38004BBF8F /* GitTest01Tests.xctest */ = {isa = PBXFileReference; explicitFileType = wrapper.cfbundle; includeInIndex = 0; path = GitTest01Tests.xctest; sourceTree = BUILT_PRODUCTS_DIR; };
		1815C87C1AC0FB38004BBF8F /* Info.plist */ = {isa = PBXFileReference; lastKnownFileType = text.plist.xml; path = Info.plist; sourceTree = "<group>"; };
		1815C87D1AC0FB38004BBF8F /* GitTest01Tests.m */ = {isa = PBXFileReference; lastKnownFileType = sourcecode.c.objc; path = GitTest01Tests.m; sourceTree = "<group>"; };
/* End PBXFileReference section */

/* Begin PBXFrameworksBuildPhase section */
		1815C85B1AC0FB38004BBF8F /* Frameworks */ = {
			isa = PBXFrameworksBuildPhase;
			buildActionMask = 2147483647;
			files = (
			);
			runOnlyForDeploymentPostprocessing = 0;
		};
		1815C8741AC0FB38004BBF8F /* Frameworks */ = {
			isa = PBXFrameworksBuildPhase;
			buildActionMask = 2147483647;
			files = (
			);
			runOnlyForDeploymentPostprocessing = 0;
		};
/* End PBXFrameworksBuildPhase section */

/* Begin PBXGroup section */
		1815C8551AC0FB38004BBF8F = {
			isa = PBXGroup;
			children = (
				1815C8601AC0FB38004BBF8F /* GitTest01 */,
				1815C87A1AC0FB38004BBF8F /* GitTest01Tests */,
				1815C85F1AC0FB38004BBF8F /* Products */,
			);
			sourceTree = "<group>";
		};
		1815C85F1AC0FB38004BBF8F /* Products */ = {
			isa = PBXGroup;
			children = (
				1815C85E1AC0FB38004BBF8F /* GitTest01.app */,
				1815C8771AC0FB38004BBF8F /* GitTest01Tests.xctest */,
			);
			name = Products;
			sourceTree = "<group>";
		};
		1815C8601AC0FB38004BBF8F /* GitTest01 */ = {
			isa = PBXGroup;
			children = (
				1815C8651AC0FB38004BBF8F /* AppDelegate.h */,
				1815C8661AC0FB38004BBF8F /* AppDelegate.m */,
				1815C8681AC0FB38004BBF8F /* ViewController.h */,
				1815C8691AC0FB38004BBF8F /* ViewController.m */,
				1815C86B1AC0FB38004BBF8F /* Main.storyboard */,
				1815C86E1AC0FB38004BBF8F /* Images.xcassets */,
				1815C8701AC0FB38004BBF8F /* LaunchScreen.xib */,
				1815C8611AC0FB38004BBF8F /* Supporting Files */,
			);
			path = GitTest01;
			sourceTree = "<group>";
		};
		1815C8611AC0FB38004BBF8F /* Supporting Files */ = {
			isa = PBXGroup;
			children = (
				1815C8621AC0FB38004BBF8F /* Info.plist */,
				1815C8631AC0FB38004BBF8F /* main.m */,
			);
			name = "Supporting Files";
			sourceTree = "<group>";
		};
		1815C87A1AC0FB38004BBF8F /* GitTest01Tests */ = {
			isa = PBXGroup;
			children = (
				1815C87D1AC0FB38004BBF8F /* GitTest01Tests.m */,
				1815C87B1AC0FB38004BBF8F /* Supporting Files */,
			);
			path = GitTest01Tests;
			sourceTree = "<group>";
		};
		1815C87B1AC0FB38004BBF8F /* Supporting Files */ = {
			isa = PBXGroup;
			children = (
				1815C87C1AC0FB38004BBF8F /* Info.plist */,
			);
			name = "Supporting Files";
			sourceTree = "<group>";
		};
/* End PBXGroup section */

/* Begin PBXNativeTarget section */
		1815C85D1AC0FB38004BBF8F /* GitTest01 */ = {
			isa = PBXNativeTarget;
			buildConfigurationList = 1815C8811AC0FB38004BBF8F /* Build configuration list for PBXNativeTarget "GitTest01" */;
			buildPhases = (
				1815C85A1AC0FB38004BBF8F /* Sources */,
				1815C85B1AC0FB38004BBF8F /* Frameworks */,
				1815C85C1AC0FB38004BBF8F /* Resources */,
			);
			buildRules = (
			);
			dependencies = (
			);
			name = GitTest01;
			productName = GitTest01;
			productReference = 1815C85E1AC0FB38004BBF8F /* GitTest01.app */;
			productType = "com.apple.product-type.application";
		};
		1815C8761AC0FB38004BBF8F /* GitTest01Tests */ = {
			isa = PBXNativeTarget;
			buildConfigurationList = 1815C8841AC0FB38004BBF8F /* Build configuration list for PBXNativeTarget "GitTest01Tests" */;
			buildPhases = (
				1815C8731AC0FB38004BBF8F /* Sources */,
				1815C8741AC0FB38004BBF8F /* Frameworks */,
				1815C8751AC0FB38004BBF8F /* Resources */,
			);
			buildRules = (
			);
			dependencies = (
				1815C8791AC0FB38004BBF8F /* PBXTargetDependency */,
			);
			name = GitTest01Tests;
			productName = GitTest01Tests;
			productReference = 1815C8771AC0FB38004BBF8F /* GitTest01Tests.xctest */;
			productType = "com.apple.product-type.bundle.unit-test";
		};
/* End PBXNativeTarget section */

/* Begin PBXProject section */
		1815C8561AC0FB38004BBF8F /* Project object */ = {
			isa = PBXProject;
			attributes = {
				LastUpgradeCheck = 0620;
				ORGANIZATIONNAME = Fon;
				TargetAttributes = {
					1815C85D1AC0FB38004BBF8F = {
						CreatedOnToolsVersion = 6.2;
					};
					1815C8761AC0FB38004BBF8F = {
						CreatedOnToolsVersion = 6.2;
						TestTargetID = 1815C85D1AC0FB38004BBF8F;
					};
				};
			};
			buildConfigurationList = 1815C8591AC0FB38004BBF8F /* Build configuration list for PBXProject "GitTest01" */;
			compatibilityVersion = "Xcode 3.2";
			developmentRegion = English;
			hasScannedForEncodings = 0;
			knownRegions = (
				en,
				Base,
			);
			mainGroup = 1815C8551AC0FB38004BBF8F;
			productRefGroup = 1815C85F1AC0FB38004BBF8F /* Products */;
			projectDirPath = "";
			projectRoot = "";
			targets = (
				1815C85D1AC0FB38004BBF8F /* GitTest01 */,
				1815C8761AC0FB38004BBF8F /* GitTest01Tests */,
			);
		};
/* End PBXProject section */

/* Begin PBXResourcesBuildPhase section */
		1815C85C1AC0FB38004BBF8F /* Resources */ = {
			isa = PBXResourcesBuildPhase;
			buildActionMask = 2147483647;
			files = (
				1815C86D1AC0FB38004BBF8F /* Main.storyboard in Resources */,
				1815C8721AC0FB38004BBF8F /* LaunchScreen.xib in Resources */,
				1815C86F1AC0FB38004BBF8F /* Images.xcassets in Resources */,
			);
			runOnlyForDeploymentPostprocessing = 0;
		};
		1815C8751AC0FB38004BBF8F /* Resources */ = {
			isa = PBXResourcesBuildPhase;
			buildActionMask = 2147483647;
			files = (
			);
			runOnlyForDeploymentPostprocessing = 0;
		};
/* End PBXResourcesBuildPhase section */

/* Begin PBXSourcesBuildPhase section */
		1815C85A1AC0FB38004BBF8F /* Sources */ = {
			isa = PBXSourcesBuildPhase;
			buildActionMask = 2147483647;
			files = (
				1815C86A1AC0FB38004BBF8F /* ViewController.m in Sources */,
				1815C8671AC0FB38004BBF8F /* AppDelegate.m in Sources */,
				1815C8641AC0FB38004BBF8F /* main.m in Sources */,
			);
			runOnlyForDeploymentPostprocessing = 0;
		};
		1815C8731AC0FB38004BBF8F /* Sources */ = {
			isa = PBXSourcesBuildPhase;
			buildActionMask = 2147483647;
			files = (
				1815C87E1AC0FB38004BBF8F /* GitTest01Tests.m in Sources */,
			);
			runOnlyForDeploymentPostprocessing = 0;
		};
/* End PBXSourcesBuildPhase section */

/* Begin PBXTargetDependency section */
		1815C8791AC0FB38004BBF8F /* PBXTargetDependency */ = {
			isa = PBXTargetDependency;
			target = 1815C85D1AC0FB38004BBF8F /* GitTest01 */;
			targetProxy = 1815C8781AC0FB38004BBF8F /* PBXContainerItemProxy */;
		};
/* End PBXTargetDependency section */

/* Begin PBXVariantGroup section */
		1815C86B1AC0FB38004BBF8F /* Main.storyboard */ = {
			isa = PBXVariantGroup;
			children = (
				1815C86C1AC0FB38004BBF8F /* Base */,
			);
			name = Main.storyboard;
			sourceTree = "<group>";
		};
		1815C8701AC0FB38004BBF8F /* LaunchScreen.xib */ = {
			isa = PBXVariantGroup;
			children = (
				1815C8711AC0FB38004BBF8F /* Base */,
			);
			name = LaunchScreen.xib;
			sourceTree = "<group>";
		};
/* End PBXVariantGroup section */

/* Begin XCBuildConfiguration section */
		1815C87F1AC0FB38004BBF8F /* Debug */ = {
			isa = XCBuildConfiguration;
			buildSettings = {
				ALWAYS_SEARCH_USER_PATHS = NO;
				CLANG_CXX_LANGUAGE_STANDARD = "gnu++0x";
				CLANG_CXX_LIBRARY = "libc++";
				CLANG_ENABLE_MODULES = YES;
				CLANG_ENABLE_OBJC_ARC = YES;
				CLANG_WARN_BOOL_CONVERSION = YES;
				CLANG_WARN_CONSTANT_CONVERSION = YES;
				CLANG_WARN_DIRECT_OBJC_ISA_USAGE = YES_ERROR;
				CLANG_WARN_EMPTY_BODY = YES;
				CLANG_WARN_ENUM_CONVERSION = YES;
				CLANG_WARN_INT_CONVERSION = YES;
				CLANG_WARN_OBJC_ROOT_CLASS = YES_ERROR;
				CLANG_WARN_UNREACHABLE_CODE = YES;
				CLANG_WARN__DUPLICATE_METHOD_MATCH = YES;
				"CODE_SIGN_IDENTITY[sdk=iphoneos*]" = "";
				COPY_PHASE_STRIP = NO;
				ENABLE_STRICT_OBJC_MSGSEND = YES;
				GCC_C_LANGUAGE_STANDARD = gnu99;
				GCC_DYNAMIC_NO_PIC = NO;
				GCC_OPTIMIZATION_LEVEL = 0;
				GCC_PREPROCESSOR_DEFINITIONS = (
					"DEBUG=1",
					"$(inherited)",
				);
				GCC_SYMBOLS_PRIVATE_EXTERN = NO;
				GCC_WARN_64_TO_32_BIT_CONVERSION = YES;
				GCC_WARN_ABOUT_RETURN_TYPE = YES_ERROR;
				GCC_WARN_UNDECLARED_SELECTOR = YES;
				GCC_WARN_UNINITIALIZED_AUTOS = YES_AGGRESSIVE;
				GCC_WARN_UNUSED_FUNCTION = YES;
				GCC_WARN_UNUSED_VARIABLE = YES;
				IPHONEOS_DEPLOYMENT_TARGET = 8.2;
				MTL_ENABLE_DEBUG_INFO = YES;
				ONLY_ACTIVE_ARCH = YES;
				SDKROOT = iphoneos;
			};
			name = Debug;
		};
		1815C8801AC0FB38004BBF8F /* Release */ = {
			isa = XCBuildConfiguration;
			buildSettings = {
				ALWAYS_SEARCH_USER_PATHS = NO;
				CLANG_CXX_LANGUAGE_STANDARD = "gnu++0x";
				CLANG_CXX_LIBRARY = "libc++";
				CLANG_ENABLE_MODULES = YES;
				CLANG_ENABLE_OBJC_ARC = YES;
				CLANG_WARN_BOOL_CONVERSION = YES;
				CLANG_WARN_CONSTANT_CONVERSION = YES;
				CLANG_WARN_DIRECT_OBJC_ISA_USAGE = YES_ERROR;
				CLANG_WARN_EMPTY_BODY = YES;
				CLANG_WARN_ENUM_CONVERSION = YES;
				CLANG_WARN_INT_CONVERSION = YES;
				CLANG_WARN_OBJC_ROOT_CLASS = YES_ERROR;
				CLANG_WARN_UNREACHABLE_CODE = YES;
				CLANG_WARN__DUPLICATE_METHOD_MATCH = YES;
				"CODE_SIGN_IDENTITY[sdk=iphoneos*]" = "";
				COPY_PHASE_STRIP = NO;
				ENABLE_NS_ASSERTIONS = NO;
				ENABLE_STRICT_OBJC_MSGSEND = YES;
				GCC_C_LANGUAGE_STANDARD = gnu99;
				GCC_WARN_64_TO_32_BIT_CONVERSION = YES;
				GCC_WARN_ABOUT_RETURN_TYPE = YES_ERROR;
				GCC_WARN_UNDECLARED_SELECTOR = YES;
				GCC_WARN_UNINITIALIZED_AUTOS = YES_AGGRESSIVE;
				GCC_WARN_UNUSED_FUNCTION = YES;
				GCC_WARN_UNUSED_VARIABLE = YES;
				IPHONEOS_DEPLOYMENT_TARGET = 8.2;
				MTL_ENABLE_DEBUG_INFO = NO;
				SDKROOT = iphoneos;
				VALIDATE_PRODUCT = YES;
			};
			name = Release;
		};
		1815C8821AC0FB38004BBF8F /* Debug */ = {
			isa = XCBuildConfiguration;
			buildSettings = {
				ASSETCATALOG_COMPILER_APPICON_NAME = AppIcon;
				CODE_SIGN_IDENTITY = "";
				"CODE_SIGN_IDENTITY[sdk=iphoneos*]" = "";
				INFOPLIST_FILE = GitTest01/Info.plist;
				IPHONEOS_DEPLOYMENT_TARGET = 8.2;
				LD_RUNPATH_SEARCH_PATHS = "$(inherited) @executable_path/Frameworks";
				ONLY_ACTIVE_ARCH = YES;
				PRODUCT_NAME = "$(TARGET_NAME)";
			};
			name = Debug;
		};
		1815C8831AC0FB38004BBF8F /* Release */ = {
			isa = XCBuildConfiguration;
			buildSettings = {
				ASSETCATALOG_COMPILER_APPICON_NAME = AppIcon;
				CODE_SIGN_IDENTITY = "";
				"CODE_SIGN_IDENTITY[sdk=iphoneos*]" = "";
				INFOPLIST_FILE = GitTest01/Info.plist;
				IPHONEOS_DEPLOYMENT_TARGET = 8.2;
				LD_RUNPATH_SEARCH_PATHS = "$(inherited) @executable_path/Frameworks";
				ONLY_ACTIVE_ARCH = YES;
				PRODUCT_NAME = "$(TARGET_NAME)";
			};
			name = Release;
		};
		1815C8851AC0FB38004BBF8F /* Debug */ = {
			isa = XCBuildConfiguration;
			buildSettings = {
				BUNDLE_LOADER = "$(TEST_HOST)";
				FRAMEWORK_SEARCH_PATHS = (
					"$(SDKROOT)/Developer/Library/Frameworks",
					"$(inherited)",
				);
				GCC_PREPROCESSOR_DEFINITIONS = (
					"DEBUG=1",
					"$(inherited)",
				);
				INFOPLIST_FILE = GitTest01Tests/Info.plist;
				LD_RUNPATH_SEARCH_PATHS = "$(inherited) @executable_path/Frameworks @loader_path/Frameworks";
				PRODUCT_NAME = "$(TARGET_NAME)";
				TEST_HOST = "$(BUILT_PRODUCTS_DIR)/GitTest01.app/GitTest01";
			};
			name = Debug;
		};
		1815C8861AC0FB38004BBF8F /* Release */ = {
			isa = XCBuildConfiguration;
			buildSettings = {
				BUNDLE_LOADER = "$(TEST_HOST)";
				FRAMEWORK_SEARCH_PATHS = (
					"$(SDKROOT)/Developer/Library/Frameworks",
					"$(inherited)",
				);
				INFOPLIST_FILE = GitTest01Tests/Info.plist;
				LD_RUNPATH_SEARCH_PATHS = "$(inherited) @executable_path/Frameworks @loader_path/Frameworks";
				PRODUCT_NAME = "$(TARGET_NAME)";
				TEST_HOST = "$(BUILT_PRODUCTS_DIR)/GitTest01.app/GitTest01";
			};
			name = Release;
		};
/* End XCBuildConfiguration section */

/* Begin XCConfigurationList section */
		1815C8591AC0FB38004BBF8F /* Build configuration list for PBXProject "GitTest01" */ = {
			isa = XCConfigurationList;
			buildConfigurations = (
				1815C87F1AC0FB38004BBF8F /* Debug */,
				1815C8801AC0FB38004BBF8F /* Release */,
			);
			defaultConfigurationIsVisible = 0;
			defaultConfigurationName = Release;
		};
		1815C8811AC0FB38004BBF8F /* Build configuration list for PBXNativeTarget "GitTest01" */ = {
			isa = XCConfigurationList;
			buildConfigurations = (
				1815C8821AC0FB38004BBF8F /* Debug */,
				1815C8831AC0FB38004BBF8F /* Release */,
			);
			defaultConfigurationIsVisible = 0;
		};
		1815C8841AC0FB38004BBF8F /* Build configuration list for PBXNativeTarget "GitTest01Tests" */ = {
			isa = XCConfigurationList;
			buildConfigurations = (
				1815C8851AC0FB38004BBF8F /* Debug */,
				1815C8861AC0FB38004BBF8F /* Release */,
			);
			defaultConfigurationIsVisible = 0;
		};
/* End XCConfigurationList section */
	};
	rootObject = 1815C8561AC0FB38004BBF8F /* Project object */;
}
