// !$*UTF8*$!
{
	archiveVersion = 1;
	classes = {
	};
	objectVersion = 46;
	objects = {

/* Begin PBXBuildFile section */
		185704DA1ABFCF2A00690459 /* main.m in Sources */ = {isa = PBXBuildFile; fileRef = 185704D91ABFCF2A00690459 /* main.m */; };
		185704DD1ABFCF2A00690459 /* AppDelegate.m in Sources */ = {isa = PBXBuildFile; fileRef = 185704DC1ABFCF2A00690459 /* AppDelegate.m */; };
		185704E01ABFCF2A00690459 /* ViewController.m in Sources */ = {isa = PBXBuildFile; fileRef = 185704DF1ABFCF2A00690459 /* ViewController.m */; };
		185704E31ABFCF2A00690459 /* Main.storyboard in Resources */ = {isa = PBXBuildFile; fileRef = 185704E11ABFCF2A00690459 /* Main.storyboard */; };
		185704E51ABFCF2A00690459 /* Images.xcassets in Resources */ = {isa = PBXBuildFile; fileRef = 185704E41ABFCF2A00690459 /* Images.xcassets */; };
		185704E81ABFCF2A00690459 /* LaunchScreen.xib in Resources */ = {isa = PBXBuildFile; fileRef = 185704E61ABFCF2A00690459 /* LaunchScreen.xib */; };
		185704F41ABFCF2A00690459 /* GitTest01Tests.m in Sources */ = {isa = PBXBuildFile; fileRef = 185704F31ABFCF2A00690459 /* GitTest01Tests.m */; };
/* End PBXBuildFile section */

/* Begin PBXContainerItemProxy section */
		185704EE1ABFCF2A00690459 /* PBXContainerItemProxy */ = {
			isa = PBXContainerItemProxy;
			containerPortal = 185704CC1ABFCF2A00690459 /* Project object */;
			proxyType = 1;
			remoteGlobalIDString = 185704D31ABFCF2A00690459;
			remoteInfo = GitTest01;
		};
/* End PBXContainerItemProxy section */

/* Begin PBXFileReference section */
		185704D41ABFCF2A00690459 /* GitTest01.app */ = {isa = PBXFileReference; explicitFileType = wrapper.application; includeInIndex = 0; path = GitTest01.app; sourceTree = BUILT_PRODUCTS_DIR; };
		185704D81ABFCF2A00690459 /* Info.plist */ = {isa = PBXFileReference; lastKnownFileType = text.plist.xml; path = Info.plist; sourceTree = "<group>"; };
		185704D91ABFCF2A00690459 /* main.m */ = {isa = PBXFileReference; lastKnownFileType = sourcecode.c.objc; path = main.m; sourceTree = "<group>"; };
		185704DB1ABFCF2A00690459 /* AppDelegate.h */ = {isa = PBXFileReference; lastKnownFileType = sourcecode.c.h; path = AppDelegate.h; sourceTree = "<group>"; };
		185704DC1ABFCF2A00690459 /* AppDelegate.m */ = {isa = PBXFileReference; lastKnownFileType = sourcecode.c.objc; path = AppDelegate.m; sourceTree = "<group>"; };
		185704DE1ABFCF2A00690459 /* ViewController.h */ = {isa = PBXFileReference; lastKnownFileType = sourcecode.c.h; path = ViewController.h; sourceTree = "<group>"; };
		185704DF1ABFCF2A00690459 /* ViewController.m */ = {isa = PBXFileReference; lastKnownFileType = sourcecode.c.objc; path = ViewController.m; sourceTree = "<group>"; };
		185704E21ABFCF2A00690459 /* Base */ = {isa = PBXFileReference; lastKnownFileType = file.storyboard; name = Base; path = Base.lproj/Main.storyboard; sourceTree = "<group>"; };
		185704E41ABFCF2A00690459 /* Images.xcassets */ = {isa = PBXFileReference; lastKnownFileType = folder.assetcatalog; path = Images.xcassets; sourceTree = "<group>"; };
		185704E71ABFCF2A00690459 /* Base */ = {isa = PBXFileReference; lastKnownFileType = file.xib; name = Base; path = Base.lproj/LaunchScreen.xib; sourceTree = "<group>"; };
		185704ED1ABFCF2A00690459 /* GitTest01Tests.xctest */ = {isa = PBXFileReference; explicitFileType = wrapper.cfbundle; includeInIndex = 0; path = GitTest01Tests.xctest; sourceTree = BUILT_PRODUCTS_DIR; };
		185704F21ABFCF2A00690459 /* Info.plist */ = {isa = PBXFileReference; lastKnownFileType = text.plist.xml; path = Info.plist; sourceTree = "<group>"; };
		185704F31ABFCF2A00690459 /* GitTest01Tests.m */ = {isa = PBXFileReference; lastKnownFileType = sourcecode.c.objc; path = GitTest01Tests.m; sourceTree = "<group>"; };
/* End PBXFileReference section */

/* Begin PBXFrameworksBuildPhase section */
		185704D11ABFCF2A00690459 /* Frameworks */ = {
			isa = PBXFrameworksBuildPhase;
			buildActionMask = 2147483647;
			files = (
			);
			runOnlyForDeploymentPostprocessing = 0;
		};
		185704EA1ABFCF2A00690459 /* Frameworks */ = {
			isa = PBXFrameworksBuildPhase;
			buildActionMask = 2147483647;
			files = (
			);
			runOnlyForDeploymentPostprocessing = 0;
		};
/* End PBXFrameworksBuildPhase section */

/* Begin PBXGroup section */
		185704CB1ABFCF2A00690459 = {
			isa = PBXGroup;
			children = (
				185704D61ABFCF2A00690459 /* GitTest01 */,
				185704F01ABFCF2A00690459 /* GitTest01Tests */,
				185704D51ABFCF2A00690459 /* Products */,
			);
			sourceTree = "<group>";
		};
		185704D51ABFCF2A00690459 /* Products */ = {
			isa = PBXGroup;
			children = (
				185704D41ABFCF2A00690459 /* GitTest01.app */,
				185704ED1ABFCF2A00690459 /* GitTest01Tests.xctest */,
			);
			name = Products;
			sourceTree = "<group>";
		};
		185704D61ABFCF2A00690459 /* GitTest01 */ = {
			isa = PBXGroup;
			children = (
				185704DB1ABFCF2A00690459 /* AppDelegate.h */,
				185704DC1ABFCF2A00690459 /* AppDelegate.m */,
				185704DE1ABFCF2A00690459 /* ViewController.h */,
				185704DF1ABFCF2A00690459 /* ViewController.m */,
				185704E11ABFCF2A00690459 /* Main.storyboard */,
				185704E41ABFCF2A00690459 /* Images.xcassets */,
				185704E61ABFCF2A00690459 /* LaunchScreen.xib */,
				185704D71ABFCF2A00690459 /* Supporting Files */,
			);
			path = GitTest01;
			sourceTree = "<group>";
		};
		185704D71ABFCF2A00690459 /* Supporting Files */ = {
			isa = PBXGroup;
			children = (
				185704D81ABFCF2A00690459 /* Info.plist */,
				185704D91ABFCF2A00690459 /* main.m */,
			);
			name = "Supporting Files";
			sourceTree = "<group>";
		};
		185704F01ABFCF2A00690459 /* GitTest01Tests */ = {
			isa = PBXGroup;
			children = (
				185704F31ABFCF2A00690459 /* GitTest01Tests.m */,
				185704F11ABFCF2A00690459 /* Supporting Files */,
			);
			path = GitTest01Tests;
			sourceTree = "<group>";
		};
		185704F11ABFCF2A00690459 /* Supporting Files */ = {
			isa = PBXGroup;
			children = (
				185704F21ABFCF2A00690459 /* Info.plist */,
			);
			name = "Supporting Files";
			sourceTree = "<group>";
		};
/* End PBXGroup section */

/* Begin PBXNativeTarget section */
		185704D31ABFCF2A00690459 /* GitTest01 */ = {
			isa = PBXNativeTarget;
			buildConfigurationList = 185704F71ABFCF2A00690459 /* Build configuration list for PBXNativeTarget "GitTest01" */;
			buildPhases = (
				185704D01ABFCF2A00690459 /* Sources */,
				185704D11ABFCF2A00690459 /* Frameworks */,
				185704D21ABFCF2A00690459 /* Resources */,
			);
			buildRules = (
			);
			dependencies = (
			);
			name = GitTest01;
			productName = GitTest01;
			productReference = 185704D41ABFCF2A00690459 /* GitTest01.app */;
			productType = "com.apple.product-type.application";
		};
		185704EC1ABFCF2A00690459 /* GitTest01Tests */ = {
			isa = PBXNativeTarget;
			buildConfigurationList = 185704FA1ABFCF2A00690459 /* Build configuration list for PBXNativeTarget "GitTest01Tests" */;
			buildPhases = (
				185704E91ABFCF2A00690459 /* Sources */,
				185704EA1ABFCF2A00690459 /* Frameworks */,
				185704EB1ABFCF2A00690459 /* Resources */,
			);
			buildRules = (
			);
			dependencies = (
				185704EF1ABFCF2A00690459 /* PBXTargetDependency */,
			);
			name = GitTest01Tests;
			productName = GitTest01Tests;
			productReference = 185704ED1ABFCF2A00690459 /* GitTest01Tests.xctest */;
			productType = "com.apple.product-type.bundle.unit-test";
		};
/* End PBXNativeTarget section */

/* Begin PBXProject section */
		185704CC1ABFCF2A00690459 /* Project object */ = {
			isa = PBXProject;
			attributes = {
				LastUpgradeCheck = 0620;
				ORGANIZATIONNAME = Fon;
				TargetAttributes = {
					185704D31ABFCF2A00690459 = {
						CreatedOnToolsVersion = 6.2;
					};
					185704EC1ABFCF2A00690459 = {
						CreatedOnToolsVersion = 6.2;
						TestTargetID = 185704D31ABFCF2A00690459;
					};
				};
			};
			buildConfigurationList = 185704CF1ABFCF2A00690459 /* Build configuration list for PBXProject "GitTest01" */;
			compatibilityVersion = "Xcode 3.2";
			developmentRegion = English;
			hasScannedForEncodings = 0;
			knownRegions = (
				en,
				Base,
			);
			mainGroup = 185704CB1ABFCF2A00690459;
			productRefGroup = 185704D51ABFCF2A00690459 /* Products */;
			projectDirPath = "";
			projectRoot = "";
			targets = (
				185704D31ABFCF2A00690459 /* GitTest01 */,
				185704EC1ABFCF2A00690459 /* GitTest01Tests */,
			);
		};
/* End PBXProject section */

/* Begin PBXResourcesBuildPhase section */
		185704D21ABFCF2A00690459 /* Resources */ = {
			isa = PBXResourcesBuildPhase;
			buildActionMask = 2147483647;
			files = (
				185704E31ABFCF2A00690459 /* Main.storyboard in Resources */,
				185704E81ABFCF2A00690459 /* LaunchScreen.xib in Resources */,
				185704E51ABFCF2A00690459 /* Images.xcassets in Resources */,
			);
			runOnlyForDeploymentPostprocessing = 0;
		};
		185704EB1ABFCF2A00690459 /* Resources */ = {
			isa = PBXResourcesBuildPhase;
			buildActionMask = 2147483647;
			files = (
			);
			runOnlyForDeploymentPostprocessing = 0;
		};
/* End PBXResourcesBuildPhase section */

/* Begin PBXSourcesBuildPhase section */
		185704D01ABFCF2A00690459 /* Sources */ = {
			isa = PBXSourcesBuildPhase;
			buildActionMask = 2147483647;
			files = (
				185704E01ABFCF2A00690459 /* ViewController.m in Sources */,
				185704DD1ABFCF2A00690459 /* AppDelegate.m in Sources */,
				185704DA1ABFCF2A00690459 /* main.m in Sources */,
			);
			runOnlyForDeploymentPostprocessing = 0;
		};
		185704E91ABFCF2A00690459 /* Sources */ = {
			isa = PBXSourcesBuildPhase;
			buildActionMask = 2147483647;
			files = (
				185704F41ABFCF2A00690459 /* GitTest01Tests.m in Sources */,
			);
			runOnlyForDeploymentPostprocessing = 0;
		};
/* End PBXSourcesBuildPhase section */

/* Begin PBXTargetDependency section */
		185704EF1ABFCF2A00690459 /* PBXTargetDependency */ = {
			isa = PBXTargetDependency;
			target = 185704D31ABFCF2A00690459 /* GitTest01 */;
			targetProxy = 185704EE1ABFCF2A00690459 /* PBXContainerItemProxy */;
		};
/* End PBXTargetDependency section */

/* Begin PBXVariantGroup section */
		185704E11ABFCF2A00690459 /* Main.storyboard */ = {
			isa = PBXVariantGroup;
			children = (
				185704E21ABFCF2A00690459 /* Base */,
			);
			name = Main.storyboard;
			sourceTree = "<group>";
		};
		185704E61ABFCF2A00690459 /* LaunchScreen.xib */ = {
			isa = PBXVariantGroup;
			children = (
				185704E71ABFCF2A00690459 /* Base */,
			);
			name = LaunchScreen.xib;
			sourceTree = "<group>";
		};
/* End PBXVariantGroup section */

/* Begin XCBuildConfiguration section */
		185704F51ABFCF2A00690459 /* Debug */ = {
			isa = XCBuildConfiguration;
			buildSettings = {
				ALWAYS_SEARCH_USER_PATHS = NO;
				CLANG_CXX_LANGUAGE_STANDARD = "gnu++0x";
				CLANG_CXX_LIBRARY = "libc++";
				CLANG_ENABLE_MODULES = YES;
				CLANG_ENABLE_OBJC_ARC = YES;
				CLANG_WARN_BOOL_CONVERSION = YES;
				CLANG_WARN_CONSTANT_CONVERSION = YES;
				CLANG_WARN_DIRECT_OBJC_ISA_USAGE = YES_ERROR;
				CLANG_WARN_EMPTY_BODY = YES;
				CLANG_WARN_ENUM_CONVERSION = YES;
				CLANG_WARN_INT_CONVERSION = YES;
				CLANG_WARN_OBJC_ROOT_CLASS = YES_ERROR;
				CLANG_WARN_UNREACHABLE_CODE = YES;
				CLANG_WARN__DUPLICATE_METHOD_MATCH = YES;
				"CODE_SIGN_IDENTITY[sdk=iphoneos*]" = "iPhone Developer";
				COPY_PHASE_STRIP = NO;
				ENABLE_STRICT_OBJC_MSGSEND = YES;
				GCC_C_LANGUAGE_STANDARD = gnu99;
				GCC_DYNAMIC_NO_PIC = NO;
				GCC_OPTIMIZATION_LEVEL = 0;
				GCC_PREPROCESSOR_DEFINITIONS = (
					"DEBUG=1",
					"$(inherited)",
				);
				GCC_SYMBOLS_PRIVATE_EXTERN = NO;
				GCC_WARN_64_TO_32_BIT_CONVERSION = YES;
				GCC_WARN_ABOUT_RETURN_TYPE = YES_ERROR;
				GCC_WARN_UNDECLARED_SELECTOR = YES;
				GCC_WARN_UNINITIALIZED_AUTOS = YES_AGGRESSIVE;
				GCC_WARN_UNUSED_FUNCTION = YES;
				GCC_WARN_UNUSED_VARIABLE = YES;
				IPHONEOS_DEPLOYMENT_TARGET = 8.2;
				MTL_ENABLE_DEBUG_INFO = YES;
				ONLY_ACTIVE_ARCH = YES;
				SDKROOT = iphoneos;
			};
			name = Debug;
		};
		185704F61ABFCF2A00690459 /* Release */ = {
			isa = XCBuildConfiguration;
			buildSettings = {
				ALWAYS_SEARCH_USER_PATHS = NO;
				CLANG_CXX_LANGUAGE_STANDARD = "gnu++0x";
				CLANG_CXX_LIBRARY = "libc++";
				CLANG_ENABLE_MODULES = YES;
				CLANG_ENABLE_OBJC_ARC = YES;
				CLANG_WARN_BOOL_CONVERSION = YES;
				CLANG_WARN_CONSTANT_CONVERSION = YES;
				CLANG_WARN_DIRECT_OBJC_ISA_USAGE = YES_ERROR;
				CLANG_WARN_EMPTY_BODY = YES;
				CLANG_WARN_ENUM_CONVERSION = YES;
				CLANG_WARN_INT_CONVERSION = YES;
				CLANG_WARN_OBJC_ROOT_CLASS = YES_ERROR;
				CLANG_WARN_UNREACHABLE_CODE = YES;
				CLANG_WARN__DUPLICATE_METHOD_MATCH = YES;
				"CODE_SIGN_IDENTITY[sdk=iphoneos*]" = "iPhone Developer";
				COPY_PHASE_STRIP = NO;
				ENABLE_NS_ASSERTIONS = NO;
				ENABLE_STRICT_OBJC_MSGSEND = YES;
				GCC_C_LANGUAGE_STANDARD = gnu99;
				GCC_WARN_64_TO_32_BIT_CONVERSION = YES;
				GCC_WARN_ABOUT_RETURN_TYPE = YES_ERROR;
				GCC_WARN_UNDECLARED_SELECTOR = YES;
				GCC_WARN_UNINITIALIZED_AUTOS = YES_AGGRESSIVE;
				GCC_WARN_UNUSED_FUNCTION = YES;
				GCC_WARN_UNUSED_VARIABLE = YES;
				IPHONEOS_DEPLOYMENT_TARGET = 8.2;
				MTL_ENABLE_DEBUG_INFO = NO;
				SDKROOT = iphoneos;
				VALIDATE_PRODUCT = YES;
			};
			name = Release;
		};
		185704F81ABFCF2A00690459 /* Debug */ = {
			isa = XCBuildConfiguration;
			buildSettings = {
				ASSETCATALOG_COMPILER_APPICON_NAME = AppIcon;
				INFOPLIST_FILE = GitTest01/Info.plist;
				LD_RUNPATH_SEARCH_PATHS = "$(inherited) @executable_path/Frameworks";
				PRODUCT_NAME = "$(TARGET_NAME)";
			};
			name = Debug;
		};
		185704F91ABFCF2A00690459 /* Release */ = {
			isa = XCBuildConfiguration;
			buildSettings = {
				ASSETCATALOG_COMPILER_APPICON_NAME = AppIcon;
				INFOPLIST_FILE = GitTest01/Info.plist;
				LD_RUNPATH_SEARCH_PATHS = "$(inherited) @executable_path/Frameworks";
				PRODUCT_NAME = "$(TARGET_NAME)";
			};
			name = Release;
		};
		185704FB1ABFCF2A00690459 /* Debug */ = {
			isa = XCBuildConfiguration;
			buildSettings = {
				BUNDLE_LOADER = "$(TEST_HOST)";
				FRAMEWORK_SEARCH_PATHS = (
					"$(SDKROOT)/Developer/Library/Frameworks",
					"$(inherited)",
				);
				GCC_PREPROCESSOR_DEFINITIONS = (
					"DEBUG=1",
					"$(inherited)",
				);
				INFOPLIST_FILE = GitTest01Tests/Info.plist;
				LD_RUNPATH_SEARCH_PATHS = "$(inherited) @executable_path/Frameworks @loader_path/Frameworks";
				PRODUCT_NAME = "$(TARGET_NAME)";
				TEST_HOST = "$(BUILT_PRODUCTS_DIR)/GitTest01.app/GitTest01";
			};
			name = Debug;
		};
		185704FC1ABFCF2A00690459 /* Release */ = {
			isa = XCBuildConfiguration;
			buildSettings = {
				BUNDLE_LOADER = "$(TEST_HOST)";
				FRAMEWORK_SEARCH_PATHS = (
					"$(SDKROOT)/Developer/Library/Frameworks",
					"$(inherited)",
				);
				INFOPLIST_FILE = GitTest01Tests/Info.plist;
				LD_RUNPATH_SEARCH_PATHS = "$(inherited) @executable_path/Frameworks @loader_path/Frameworks";
				PRODUCT_NAME = "$(TARGET_NAME)";
				TEST_HOST = "$(BUILT_PRODUCTS_DIR)/GitTest01.app/GitTest01";
			};
			name = Release;
		};
/* End XCBuildConfiguration section */

/* Begin XCConfigurationList section */
		185704CF1ABFCF2A00690459 /* Build configuration list for PBXProject "GitTest01" */ = {
			isa = XCConfigurationList;
			buildConfigurations = (
				185704F51ABFCF2A00690459 /* Debug */,
				185704F61ABFCF2A00690459 /* Release */,
			);
			defaultConfigurationIsVisible = 0;
			defaultConfigurationName = Release;
		};
		185704F71ABFCF2A00690459 /* Build configuration list for PBXNativeTarget "GitTest01" */ = {
			isa = XCConfigurationList;
			buildConfigurations = (
				185704F81ABFCF2A00690459 /* Debug */,
				185704F91ABFCF2A00690459 /* Release */,
			);
			defaultConfigurationIsVisible = 0;
		};
		185704FA1ABFCF2A00690459 /* Build configuration list for PBXNativeTarget "GitTest01Tests" */ = {
			isa = XCConfigurationList;
			buildConfigurations = (
				185704FB1ABFCF2A00690459 /* Debug */,
				185704FC1ABFCF2A00690459 /* Release */,
			);
			defaultConfigurationIsVisible = 0;
		};
/* End XCConfigurationList section */
	};
	rootObject = 185704CC1ABFCF2A00690459 /* Project object */;
}
